
Microsoft Visual Studio Solution File, Format Version 12.00
# Visual Studio 15
VisualStudioVersion = 15.0.28010.2003
MinimumVisualStudioVersion = 10.0.40219.1
Project("{FAE04EC0-301F-11D3-BF4B-00C04F79EFBC}") = "Products.API", "Products.API\Products.API.csproj", "{3E107AA2-DA20-4983-AD89-712530D117B5}"
EndProject
Project("{FAE04EC0-301F-11D3-BF4B-00C04F79EFBC}") = "HttpClientSample", "HttpClientSample\HttpClientSample.csproj", "{7CEF2B62-3ED3-4466-BF59-0F03412EE346}"
EndProject
Global
	GlobalSection(SolutionConfigurationPlatforms) = preSolution
		Debug|Any CPU = Debug|Any CPU
		Release|Any CPU = Release|Any CPU
	EndGlobalSection
	GlobalSection(ProjectConfigurationPlatforms) = postSolution
		{3E107AA2-DA20-4983-AD89-712530D117B5}.Debug|Any CPU.ActiveCfg = Debug|Any CPU
		{3E107AA2-DA20-4983-AD89-712530D117B5}.Debug|Any CPU.Build.0 = Debug|Any CPU
		{3E107AA2-DA20-4983-AD89-712530D117B5}.Release|Any CPU.ActiveCfg = Release|Any CPU
		{3E107AA2-DA20-4983-AD89-712530D117B5}.Release|Any CPU.Build.0 = Release|Any CPU
		{7CEF2B62-3ED3-4466-BF59-0F03412EE346}.Debug|Any CPU.ActiveCfg = Debug|Any CPU
		{7CEF2B62-3ED3-4466-BF59-0F03412EE346}.Debug|Any CPU.Build.0 = Debug|Any CPU
		{7CEF2B62-3ED3-4466-BF59-0F03412EE346}.Release|Any CPU.ActiveCfg = Release|Any CPU
		{7CEF2B62-3ED3-4466-BF59-0F03412EE346}.Release|Any CPU.Build.0 = Release|Any CPU
	EndGlobalSection
	GlobalSection(SolutionProperties) = preSolution
		HideSolutionNode = FALSE
	EndGlobalSection
	GlobalSection(ExtensibilityGlobals) = postSolution
		SolutionGuid = {CE048789-3B7C-41A6-B70C-AD4EA01CA382}
	EndGlobalSection
EndGlobal
